{
  "name": "vaultgraph-vendor-app-example",
  "lockfileVersion": 3,
  "requires": true,
  "packages": {
    "": {
      "name": "vaultgraph-vendor-app-example",
      "dependencies": {
        "@vaultgraph/sdk": "^0.6.0",
        "dotenv": "^17.2.3"
      }
    },
    "node_modules/@vaultgraph/sdk": {
      "version": "0.6.0",
      "resolved": "https://registry.npmjs.org/@vaultgraph/sdk/-/sdk-0.6.0.tgz",
      "integrity": "sha512-d6xfuPHT1caJ0nTYuYkaja70/r0Mz52md4lF8IZEELr14CHqZzDi/T7SnuK7f+kU5S6t5jWwtNWc2ZmpyLXjnA==",
      "license": "MIT",
      "peerDependencies": {
        "@langchain/core": ">=0.3.0",
        "ai": ">=4.0.0"
      },
      "peerDependenciesMeta": {
        "@langchain/core": {
          "optional": true
        },
        "ai": {
          "optional": true
        }
      }
    },
    "node_modules/dotenv": {
      "version": "17.3.1",
      "resolved": "https://registry.npmjs.org/dotenv/-/dotenv-17.3.1.tgz",
      "integrity": "sha512-IO8C/dzEb6O3F9/twg6ZLXz164a2fhTnEWb95H23Dm4OuN+92NmEAlTrupP9VW6Jm3sO26tQlqyvyi4CsnY9GA==",
      "license": "BSD-2-Clause",
      "engines": {
        "node": ">=12"
      },
      "funding": {
        "url": "https://dotenvx.com"
      }
    }
  }
}
